// !$*UTF8*$!
{
	archiveVersion = 1;
	classes = {
	};
	objectVersion = 50;
	objects = {

/* Begin PBXBuildFile section */
		51E7A8AFD2A411748211A373 /* Pods_WhatFlowerApp.framework in Frameworks */ = {isa = PBXBuildFile; fileRef = 1EAFCAE2865B08B65AC278C7 /* Pods_WhatFlowerApp.framework */; };
		D0E8B2C325B5E7EF008D6089 /* AppDelegate.swift in Sources */ = {isa = PBXBuildFile; fileRef = D0E8B2C225B5E7EF008D6089 /* AppDelegate.swift */; };
		D0E8B2C525B5E7EF008D6089 /* SceneDelegate.swift in Sources */ = {isa = PBXBuildFile; fileRef = D0E8B2C425B5E7EF008D6089 /* SceneDelegate.swift */; };
		D0E8B2C725B5E7EF008D6089 /* ViewController.swift in Sources */ = {isa = PBXBuildFile; fileRef = D0E8B2C625B5E7EF008D6089 /* ViewController.swift */; };
		D0E8B2CA25B5E7EF008D6089 /* Main.storyboard in Resources */ = {isa = PBXBuildFile; fileRef = D0E8B2C825B5E7EF008D6089 /* Main.storyboard */; };
		D0E8B2CC25B5E7F2008D6089 /* Assets.xcassets in Resources */ = {isa = PBXBuildFile; fileRef = D0E8B2CB25B5E7F2008D6089 /* Assets.xcassets */; };
		D0E8B2CF25B5E7F2008D6089 /* LaunchScreen.storyboard in Resources */ = {isa = PBXBuildFile; fileRef = D0E8B2CD25B5E7F2008D6089 /* LaunchScreen.storyboard */; };
		D0E8B2DC25B5EE9F008D6089 /* FlowerClassifier.mlmodel in Sources */ = {isa = PBXBuildFile; fileRef = D0E8B2DB25B5EE9F008D6089 /* FlowerClassifier.mlmodel */; };
/* End PBXBuildFile section */

/* Begin PBXFileReference section */
		1EAFCAE2865B08B65AC278C7 /* Pods_WhatFlowerApp.framework */ = {isa = PBXFileReference; explicitFileType = wrapper.framework; includeInIndex = 0; path = Pods_WhatFlowerApp.framework; sourceTree = BUILT_PRODUCTS_DIR; };
		7E1888DC02D723CFC9D23513 /* Pods-WhatFlowerApp.release.xcconfig */ = {isa = PBXFileReference; includeInIndex = 1; lastKnownFileType = text.xcconfig; name = "Pods-WhatFlowerApp.release.xcconfig"; path = "Target Support Files/Pods-WhatFlowerApp/Pods-WhatFlowerApp.release.xcconfig"; sourceTree = "<group>"; };
		8AC7E0DA4BCB0570A50A27AE /* Pods-WhatFlowerApp.debug.xcconfig */ = {isa = PBXFileReference; includeInIndex = 1; lastKnownFileType = text.xcconfig; name = "Pods-WhatFlowerApp.debug.xcconfig"; path = "Target Support Files/Pods-WhatFlowerApp/Pods-WhatFlowerApp.debug.xcconfig"; sourceTree = "<group>"; };
		D0E8B2BF25B5E7EF008D6089 /* WhatFlowerApp.app */ = {isa = PBXFileReference; explicitFileType = wrapper.application; includeInIndex = 0; path = WhatFlowerApp.app; sourceTree = BUILT_PRODUCTS_DIR; };
		D0E8B2C225B5E7EF008D6089 /* AppDelegate.swift */ = {isa = PBXFileReference; lastKnownFileType = sourcecode.swift; path = AppDelegate.swift; sourceTree = "<group>"; };
		D0E8B2C425B5E7EF008D6089 /* SceneDelegate.swift */ = {isa = PBXFileReference; lastKnownFileType = sourcecode.swift; path = SceneDelegate.swift; sourceTree = "<group>"; };
		D0E8B2C625B5E7EF008D6089 /* ViewController.swift */ = {isa = PBXFileReference; lastKnownFileType = sourcecode.swift; path = ViewController.swift; sourceTree = "<group>"; };
		D0E8B2C925B5E7EF008D6089 /* Base */ = {isa = PBXFileReference; lastKnownFileType = file.storyboard; name = Base; path = Base.lproj/Main.storyboard; sourceTree = "<group>"; };
		D0E8B2CB25B5E7F2008D6089 /* Assets.xcassets */ = {isa = PBXFileReference; lastKnownFileType = folder.assetcatalog; path = Assets.xcassets; sourceTree = "<group>"; };
		D0E8B2CE25B5E7F2008D6089 /* Base */ = {isa = PBXFileReference; lastKnownFileType = file.storyboard; name = Base; path = Base.lproj/LaunchScreen.storyboard; sourceTree = "<group>"; };
		D0E8B2D025B5E7F2008D6089 /* Info.plist */ = {isa = PBXFileReference; lastKnownFileType = text.plist.xml; path = Info.plist; sourceTree = "<group>"; };
		D0E8B2DB25B5EE9F008D6089 /* FlowerClassifier.mlmodel */ = {isa = PBXFileReference; lastKnownFileType = file.mlmodel; path = FlowerClassifier.mlmodel; sourceTree = "<group>"; };
/* End PBXFileReference section */

/* Begin PBXFrameworksBuildPhase section */
		D0E8B2BC25B5E7EF008D6089 /* Frameworks */ = {
			isa = PBXFrameworksBuildPhase;
			buildActionMask = 2147483647;
			files = (
				51E7A8AFD2A411748211A373 /* Pods_WhatFlowerApp.framework in Frameworks */,
			);
			runOnlyForDeploymentPostprocessing = 0;
		};
/* End PBXFrameworksBuildPhase section */

/* Begin PBXGroup section */
		829420A30A24D53C348E46F2 /* Pods */ = {
			isa = PBXGroup;
			children = (
				8AC7E0DA4BCB0570A50A27AE /* Pods-WhatFlowerApp.debug.xcconfig */,
				7E1888DC02D723CFC9D23513 /* Pods-WhatFlowerApp.release.xcconfig */,
			);
			name = Pods;
			path = Pods;
			sourceTree = "<group>";
		};
		D0E8B2B625B5E7EF008D6089 = {
			isa = PBXGroup;
			children = (
				D0E8B2C125B5E7EF008D6089 /* WhatFlowerApp */,
				D0E8B2C025B5E7EF008D6089 /* Products */,
				829420A30A24D53C348E46F2 /* Pods */,
				F5BDEBE7E28EAAD547B4D27F /* Frameworks */,
			);
			sourceTree = "<group>";
		};
		D0E8B2C025B5E7EF008D6089 /* Products */ = {
			isa = PBXGroup;
			children = (
				D0E8B2BF25B5E7EF008D6089 /* WhatFlowerApp.app */,
			);
			name = Products;
			sourceTree = "<group>";
		};
		D0E8B2C125B5E7EF008D6089 /* WhatFlowerApp */ = {
			isa = PBXGroup;
			children = (
				D0E8B2C225B5E7EF008D6089 /* AppDelegate.swift */,
				D0E8B2C425B5E7EF008D6089 /* SceneDelegate.swift */,
				D0E8B2C625B5E7EF008D6089 /* ViewController.swift */,
				D0E8B2C825B5E7EF008D6089 /* Main.storyboard */,
				D0E8B2CB25B5E7F2008D6089 /* Assets.xcassets */,
				D0E8B2CD25B5E7F2008D6089 /* LaunchScreen.storyboard */,
				D0E8B2D025B5E7F2008D6089 /* Info.plist */,
				D0E8B2DB25B5EE9F008D6089 /* FlowerClassifier.mlmodel */,
			);
			path = WhatFlowerApp;
			sourceTree = "<group>";
		};
		F5BDEBE7E28EAAD547B4D27F /* Frameworks */ = {
			isa = PBXGroup;
			children = (
				1EAFCAE2865B08B65AC278C7 /* Pods_WhatFlowerApp.framework */,
			);
			name = Frameworks;
			sourceTree = "<group>";
		};
/* End PBXGroup section */

/* Begin PBXNativeTarget section */
		D0E8B2BE25B5E7EF008D6089 /* WhatFlowerApp */ = {
			isa = PBXNativeTarget;
			buildConfigurationList = D0E8B2D325B5E7F2008D6089 /* Build configuration list for PBXNativeTarget "WhatFlowerApp" */;
			buildPhases = (
				71436AF16C6DB623060B2CCE /* [CP] Check Pods Manifest.lock */,
				D0E8B2BB25B5E7EF008D6089 /* Sources */,
				D0E8B2BC25B5E7EF008D6089 /* Frameworks */,
				D0E8B2BD25B5E7EF008D6089 /* Resources */,
				69C1B66EC1ED31AEB8D0D705 /* [CP] Embed Pods Frameworks */,
			);
			buildRules = (
			);
			dependencies = (
			);
			name = WhatFlowerApp;
			productName = WhatFlowerApp;
			productReference = D0E8B2BF25B5E7EF008D6089 /* WhatFlowerApp.app */;
			productType = "com.apple.product-type.application";
		};
/* End PBXNativeTarget section */

/* Begin PBXProject section */
		D0E8B2B725B5E7EF008D6089 /* Project object */ = {
			isa = PBXProject;
			attributes = {
				LastSwiftUpdateCheck = 1230;
				LastUpgradeCheck = 1230;
				TargetAttributes = {
					D0E8B2BE25B5E7EF008D6089 = {
						CreatedOnToolsVersion = 12.3;
					};
				};
			};
			buildConfigurationList = D0E8B2BA25B5E7EF008D6089 /* Build configuration list for PBXProject "WhatFlowerApp" */;
			compatibilityVersion = "Xcode 9.3";
			developmentRegion = en;
			hasScannedForEncodings = 0;
			knownRegions = (
				en,
				Base,
			);
			mainGroup = D0E8B2B625B5E7EF008D6089;
			productRefGroup = D0E8B2C025B5E7EF008D6089 /* Products */;
			projectDirPath = "";
			projectRoot = "";
			targets = (
				D0E8B2BE25B5E7EF008D6089 /* WhatFlowerApp */,
			);
		};
/* End PBXProject section */

/* Begin PBXResourcesBuildPhase section */
		D0E8B2BD25B5E7EF008D6089 /* Resources */ = {
			isa = PBXResourcesBuildPhase;
			buildActionMask = 2147483647;
			files = (
				D0E8B2CF25B5E7F2008D6089 /* LaunchScreen.storyboard in Resources */,
				D0E8B2CC25B5E7F2008D6089 /* Assets.xcassets in Resources */,
				D0E8B2CA25B5E7EF008D6089 /* Main.storyboard in Resources */,
			);
			runOnlyForDeploymentPostprocessing = 0;
		};
/* End PBXResourcesBuildPhase section */

/* Begin PBXShellScriptBuildPhase section */
		69C1B66EC1ED31AEB8D0D705 /* [CP] Embed Pods Frameworks */ = {
			isa = PBXShellScriptBuildPhase;
			buildActionMask = 2147483647;
			files = (
			);
			inputFileListPaths = (
				"${PODS_ROOT}/Target Support Files/Pods-WhatFlowerApp/Pods-WhatFlowerApp-frameworks-${CONFIGURATION}-input-files.xcfilelist",
			);
			name = "[CP] Embed Pods Frameworks";
			outputFileListPaths = (
				"${PODS_ROOT}/Target Support Files/Pods-WhatFlowerApp/Pods-WhatFlowerApp-frameworks-${CONFIGURATION}-output-files.xcfilelist",
			);
			runOnlyForDeploymentPostprocessing = 0;
			shellPath = /bin/sh;
			shellScript = "\"${PODS_ROOT}/Target Support Files/Pods-WhatFlowerApp/Pods-WhatFlowerApp-frameworks.sh\"\n";
			showEnvVarsInLog = 0;
		};
		71436AF16C6DB623060B2CCE /* [CP] Check Pods Manifest.lock */ = {
			isa = PBXShellScriptBuildPhase;
			buildActionMask = 2147483647;
			files = (
			);
			inputFileListPaths = (
			);
			inputPaths = (
				"${PODS_PODFILE_DIR_PATH}/Podfile.lock",
				"${PODS_ROOT}/Manifest.lock",
			);
			name = "[CP] Check Pods Manifest.lock";
			outputFileListPaths = (
			);
			outputPaths = (
				"$(DERIVED_FILE_DIR)/Pods-WhatFlowerApp-checkManifestLockResult.txt",
			);
			runOnlyForDeploymentPostprocessing = 0;
			shellPath = /bin/sh;
			shellScript = "diff \"${PODS_PODFILE_DIR_PATH}/Podfile.lock\" \"${PODS_ROOT}/Manifest.lock\" > /dev/null\nif [ $? != 0 ] ; then\n    # print error to STDERR\n    echo \"error: The sandbox is not in sync with the Podfile.lock. Run 'pod install' or update your CocoaPods installation.\" >&2\n    exit 1\nfi\n# This output is used by Xcode 'outputs' to avoid re-running this script phase.\necho \"SUCCESS\" > \"${SCRIPT_OUTPUT_FILE_0}\"\n";
			showEnvVarsInLog = 0;
		};
/* End PBXShellScriptBuildPhase section */

/* Begin PBXSourcesBuildPhase section */
		D0E8B2BB25B5E7EF008D6089 /* Sources */ = {
			isa = PBXSourcesBuildPhase;
			buildActionMask = 2147483647;
			files = (
				D0E8B2DC25B5EE9F008D6089 /* FlowerClassifier.mlmodel in Sources */,
				D0E8B2C725B5E7EF008D6089 /* ViewController.swift in Sources */,
				D0E8B2C325B5E7EF008D6089 /* AppDelegate.swift in Sources */,
				D0E8B2C525B5E7EF008D6089 /* SceneDelegate.swift in Sources */,
			);
			runOnlyForDeploymentPostprocessing = 0;
		};
/* End PBXSourcesBuildPhase section */

/* Begin PBXVariantGroup section */
		D0E8B2C825B5E7EF008D6089 /* Main.storyboard */ = {
			isa = PBXVariantGroup;
			children = (
				D0E8B2C925B5E7EF008D6089 /* Base */,
			);
			name = Main.storyboard;
			sourceTree = "<group>";
		};
		D0E8B2CD25B5E7F2008D6089 /* LaunchScreen.storyboard */ = {
			isa = PBXVariantGroup;
			children = (
				D0E8B2CE25B5E7F2008D6089 /* Base */,
			);
			name = LaunchScreen.storyboard;
			sourceTree = "<group>";
		};
/* End PBXVariantGroup section */

/* Begin XCBuildConfiguration section */
		D0E8B2D125B5E7F2008D6089 /* Debug */ = {
			isa = XCBuildConfiguration;
			buildSettings = {
				ALWAYS_SEARCH_USER_PATHS = NO;
				CLANG_ANALYZER_NONNULL = YES;
				CLANG_ANALYZER_NUMBER_OBJECT_CONVERSION = YES_AGGRESSIVE;
				CLANG_CXX_LANGUAGE_STANDARD = "gnu++14";
				CLANG_CXX_LIBRARY = "libc++";
				CLANG_ENABLE_MODULES = YES;
				CLANG_ENABLE_OBJC_ARC = YES;
				CLANG_ENABLE_OBJC_WEAK = YES;
				CLANG_WARN_BLOCK_CAPTURE_AUTORELEASING = YES;
				CLANG_WARN_BOOL_CONVERSION = YES;
				CLANG_WARN_COMMA = YES;
				CLANG_WARN_CONSTANT_CONVERSION = YES;
				CLANG_WARN_DEPRECATED_OBJC_IMPLEMENTATIONS = YES;
				CLANG_WARN_DIRECT_OBJC_ISA_USAGE = YES_ERROR;
				CLANG_WARN_DOCUMENTATION_COMMENTS = YES;
				CLANG_WARN_EMPTY_BODY = YES;
				CLANG_WARN_ENUM_CONVERSION = YES;
				CLANG_WARN_INFINITE_RECURSION = YES;
				CLANG_WARN_INT_CONVERSION = YES;
				CLANG_WARN_NON_LITERAL_NULL_CONVERSION = YES;
				CLANG_WARN_OBJC_IMPLICIT_RETAIN_SELF = YES;
				CLANG_WARN_OBJC_LITERAL_CONVERSION = YES;
				CLANG_WARN_OBJC_ROOT_CLASS = YES_ERROR;
				CLANG_WARN_QUOTED_INCLUDE_IN_FRAMEWORK_HEADER = YES;
				CLANG_WARN_RANGE_LOOP_ANALYSIS = YES;
				CLANG_WARN_STRICT_PROTOTYPES = YES;
				CLANG_WARN_SUSPICIOUS_MOVE = YES;
				CLANG_WARN_UNGUARDED_AVAILABILITY = YES_AGGRESSIVE;
				CLANG_WARN_UNREACHABLE_CODE = YES;
				CLANG_WARN__DUPLICATE_METHOD_MATCH = YES;
				COPY_PHASE_STRIP = NO;
				DEBUG_INFORMATION_FORMAT = dwarf;
				ENABLE_STRICT_OBJC_MSGSEND = YES;
				ENABLE_TESTABILITY = YES;
				GCC_C_LANGUAGE_STANDARD = gnu11;
				GCC_DYNAMIC_NO_PIC = NO;
				GCC_NO_COMMON_BLOCKS = YES;
				GCC_OPTIMIZATION_LEVEL = 0;
				GCC_PREPROCESSOR_DEFINITIONS = (
					"DEBUG=1",
					"$(inherited)",
				);
				GCC_WARN_64_TO_32_BIT_CONVERSION = YES;
				GCC_WARN_ABOUT_RETURN_TYPE = YES_ERROR;
				GCC_WARN_UNDECLARED_SELECTOR = YES;
				GCC_WARN_UNINITIALIZED_AUTOS = YES_AGGRESSIVE;
				GCC_WARN_UNUSED_FUNCTION = YES;
				GCC_WARN_UNUSED_VARIABLE = YES;
				IPHONEOS_DEPLOYMENT_TARGET = 14.2;
				MTL_ENABLE_DEBUG_INFO = INCLUDE_SOURCE;
				MTL_FAST_MATH = YES;
				ONLY_ACTIVE_ARCH = YES;
				SDKROOT = iphoneos;
				SWIFT_ACTIVE_COMPILATION_CONDITIONS = DEBUG;
				SWIFT_OPTIMIZATION_LEVEL = "-Onone";
			};
			name = Debug;
		};
		D0E8B2D225B5E7F2008D6089 /* Release */ = {
			isa = XCBuildConfiguration;
			buildSettings = {
				ALWAYS_SEARCH_USER_PATHS = NO;
				CLANG_ANALYZER_NONNULL = YES;
				CLANG_ANALYZER_NUMBER_OBJECT_CONVERSION = YES_AGGRESSIVE;
				CLANG_CXX_LANGUAGE_STANDARD = "gnu++14";
				CLANG_CXX_LIBRARY = "libc++";
				CLANG_ENABLE_MODULES = YES;
				CLANG_ENABLE_OBJC_ARC = YES;
				CLANG_ENABLE_OBJC_WEAK = YES;
				CLANG_WARN_BLOCK_CAPTURE_AUTORELEASING = YES;
				CLANG_WARN_BOOL_CONVERSION = YES;
				CLANG_WARN_COMMA = YES;
				CLANG_WARN_CONSTANT_CONVERSION = YES;
				CLANG_WARN_DEPRECATED_OBJC_IMPLEMENTATIONS = YES;
				CLANG_WARN_DIRECT_OBJC_ISA_USAGE = YES_ERROR;
				CLANG_WARN_DOCUMENTATION_COMMENTS = YES;
				CLANG_WARN_EMPTY_BODY = YES;
				CLANG_WARN_ENUM_CONVERSION = YES;
				CLANG_WARN_INFINITE_RECURSION = YES;
				CLANG_WARN_INT_CONVERSION = YES;
				CLANG_WARN_NON_LITERAL_NULL_CONVERSION = YES;
				CLANG_WARN_OBJC_IMPLICIT_RETAIN_SELF = YES;
				CLANG_WARN_OBJC_LITERAL_CONVERSION = YES;
				CLANG_WARN_OBJC_ROOT_CLASS = YES_ERROR;
				CLANG_WARN_QUOTED_INCLUDE_IN_FRAMEWORK_HEADER = YES;
				CLANG_WARN_RANGE_LOOP_ANALYSIS = YES;
				CLANG_WARN_STRICT_PROTOTYPES = YES;
				CLANG_WARN_SUSPICIOUS_MOVE = YES;
				CLANG_WARN_UNGUARDED_AVAILABILITY = YES_AGGRESSIVE;
				CLANG_WARN_UNREACHABLE_CODE = YES;
				CLANG_WARN__DUPLICATE_METHOD_MATCH = YES;
				COPY_PHASE_STRIP = NO;
				DEBUG_INFORMATION_FORMAT = "dwarf-with-dsym";
				ENABLE_NS_ASSERTIONS = NO;
				ENABLE_STRICT_OBJC_MSGSEND = YES;
				GCC_C_LANGUAGE_STANDARD = gnu11;
				GCC_NO_COMMON_BLOCKS = YES;
				GCC_WARN_64_TO_32_BIT_CONVERSION = YES;
				GCC_WARN_ABOUT_RETURN_TYPE = YES_ERROR;
				GCC_WARN_UNDECLARED_SELECTOR = YES;
				GCC_WARN_UNINITIALIZED_AUTOS = YES_AGGRESSIVE;
				GCC_WARN_UNUSED_FUNCTION = YES;
				GCC_WARN_UNUSED_VARIABLE = YES;
				IPHONEOS_DEPLOYMENT_TARGET = 14.2;
				MTL_ENABLE_DEBUG_INFO = NO;
				MTL_FAST_MATH = YES;
				SDKROOT = iphoneos;
				SWIFT_COMPILATION_MODE = wholemodule;
				SWIFT_OPTIMIZATION_LEVEL = "-O";
				VALIDATE_PRODUCT = YES;
			};
			name = Release;
		};
		D0E8B2D425B5E7F2008D6089 /* Debug */ = {
			isa = XCBuildConfiguration;
			baseConfigurationReference = 8AC7E0DA4BCB0570A50A27AE /* Pods-WhatFlowerApp.debug.xcconfig */;
			buildSettings = {
				ASSETCATALOG_COMPILER_APPICON_NAME = AppIcon;
				ASSETCATALOG_COMPILER_GLOBAL_ACCENT_COLOR_NAME = AccentColor;
				CODE_SIGN_STYLE = Automatic;
				DEVELOPMENT_TEAM = YKJ7WX469T;
				INFOPLIST_FILE = WhatFlowerApp/Info.plist;
				LD_RUNPATH_SEARCH_PATHS = (
					"$(inherited)",
					"@executable_path/Frameworks",
				);
				PRODUCT_BUNDLE_IDENTIFIER = com.egormezhin.WhatFlowerApp;
				PRODUCT_NAME = "$(TARGET_NAME)";
				SWIFT_VERSION = 5.0;
				TARGETED_DEVICE_FAMILY = "1,2";
			};
			name = Debug;
		};
		D0E8B2D525B5E7F2008D6089 /* Release */ = {
			isa = XCBuildConfiguration;
			baseConfigurationReference = 7E1888DC02D723CFC9D23513 /* Pods-WhatFlowerApp.release.xcconfig */;
			buildSettings = {
				ASSETCATALOG_COMPILER_APPICON_NAME = AppIcon;
				ASSETCATALOG_COMPILER_GLOBAL_ACCENT_COLOR_NAME = AccentColor;
				CODE_SIGN_STYLE = Automatic;
				DEVELOPMENT_TEAM = YKJ7WX469T;
				INFOPLIST_FILE = WhatFlowerApp/Info.plist;
				LD_RUNPATH_SEARCH_PATHS = (
					"$(inherited)",
					"@executable_path/Frameworks",
				);
				PRODUCT_BUNDLE_IDENTIFIER = com.egormezhin.WhatFlowerApp;
				PRODUCT_NAME = "$(TARGET_NAME)";
				SWIFT_VERSION = 5.0;
				TARGETED_DEVICE_FAMILY = "1,2";
			};
			name = Release;
		};
/* End XCBuildConfiguration section */

/* Begin XCConfigurationList section */
		D0E8B2BA25B5E7EF008D6089 /* Build configuration list for PBXProject "WhatFlowerApp" */ = {
			isa = XCConfigurationList;
			buildConfigurations = (
				D0E8B2D125B5E7F2008D6089 /* Debug */,
				D0E8B2D225B5E7F2008D6089 /* Release */,
			);
			defaultConfigurationIsVisible = 0;
			defaultConfigurationName = Release;
		};
		D0E8B2D325B5E7F2008D6089 /* Build configuration list for PBXNativeTarget "WhatFlowerApp" */ = {
			isa = XCConfigurationList;
			buildConfigurations = (
				D0E8B2D425B5E7F2008D6089 /* Debug */,
				D0E8B2D525B5E7F2008D6089 /* Release */,
			);
			defaultConfigurationIsVisible = 0;
			defaultConfigurationName = Release;
		};
/* End XCConfigurationList section */
	};
	rootObject = D0E8B2B725B5E7EF008D6089 /* Project object */;
}
